
Microsoft Visual Studio Solution File, Format Version 12.00
# Visual Studio 15
VisualStudioVersion = 15.0.28010.2046
MinimumVisualStudioVersion = 10.0.40219.1
Project("{FAE04EC0-301F-11D3-BF4B-00C04F79EFBC}") = "BasicConsoleIO", "BasicConsoleIO\BasicConsoleIO.csproj", "{C4C405BD-88F0-40F3-BFC2-33B1F1697787}"
EndProject
Global
	GlobalSection(SolutionConfigurationPlatforms) = preSolution
		Debug|Any CPU = Debug|Any CPU
		Release|Any CPU = Release|Any CPU
	EndGlobalSection
	GlobalSection(ProjectConfigurationPlatforms) = postSolution
		{C4C405BD-88F0-40F3-BFC2-33B1F1697787}.Debug|Any CPU.ActiveCfg = Debug|Any CPU
		{C4C405BD-88F0-40F3-BFC2-33B1F1697787}.Debug|Any CPU.Build.0 = Debug|Any CPU
		{C4C405BD-88F0-40F3-BFC2-33B1F1697787}.Release|Any CPU.ActiveCfg = Release|Any CPU
		{C4C405BD-88F0-40F3-BFC2-33B1F1697787}.Release|Any CPU.Build.0 = Release|Any CPU
	EndGlobalSection
	GlobalSection(SolutionProperties) = preSolution
		HideSolutionNode = FALSE
	EndGlobalSection
	GlobalSection(ExtensibilityGlobals) = postSolution
		SolutionGuid = {091754C4-585E-4676-AB34-D7C7FB230D2A}
	EndGlobalSection
EndGlobal
