
Microsoft Visual Studio Solution File, Format Version 12.00
# Visual Studio 15
VisualStudioVersion = 15.0.28010.2046
MinimumVisualStudioVersion = 10.0.40219.1
Project("{FAE04EC0-301F-11D3-BF4B-00C04F79EFBC}") = "test1", "test1.csproj", "{0B429C14-4727-4BDE-A105-542808A3DD41}"
EndProject
Global
	GlobalSection(SolutionConfigurationPlatforms) = preSolution
		Debug|Any CPU = Debug|Any CPU
		Release|Any CPU = Release|Any CPU
	EndGlobalSection
	GlobalSection(ProjectConfigurationPlatforms) = postSolution
		{0B429C14-4727-4BDE-A105-542808A3DD41}.Debug|Any CPU.ActiveCfg = Debug|Any CPU
		{0B429C14-4727-4BDE-A105-542808A3DD41}.Debug|Any CPU.Build.0 = Debug|Any CPU
		{0B429C14-4727-4BDE-A105-542808A3DD41}.Release|Any CPU.ActiveCfg = Release|Any CPU
		{0B429C14-4727-4BDE-A105-542808A3DD41}.Release|Any CPU.Build.0 = Release|Any CPU
	EndGlobalSection
	GlobalSection(SolutionProperties) = preSolution
		HideSolutionNode = FALSE
	EndGlobalSection
	GlobalSection(ExtensibilityGlobals) = postSolution
		SolutionGuid = {56A64ACB-7AE7-4B82-A3A0-167EF117352B}
	EndGlobalSection
EndGlobal
